// !$*UTF8*$!
{
	archiveVersion = 1;
	classes = {
	};
	objectVersion = 48;
	objects = {

/* Begin PBXBuildFile section */
		845921FC1F96F74F002E10A5 /* AppDelegate.m in Sources */ = {isa = PBXBuildFile; fileRef = 845921FB1F96F74F002E10A5 /* AppDelegate.m */; };
		845921FF1F96F74F002E10A5 /* ViewController.m in Sources */ = {isa = PBXBuildFile; fileRef = 845921FE1F96F74F002E10A5 /* ViewController.m */; };
		845922021F96F74F002E10A5 /* Main.storyboard in Resources */ = {isa = PBXBuildFile; fileRef = 845922001F96F74F002E10A5 /* Main.storyboard */; };
		845922041F96F74F002E10A5 /* Assets.xcassets in Resources */ = {isa = PBXBuildFile; fileRef = 845922031F96F74F002E10A5 /* Assets.xcassets */; };
		845922071F96F74F002E10A5 /* LaunchScreen.storyboard in Resources */ = {isa = PBXBuildFile; fileRef = 845922051F96F74F002E10A5 /* LaunchScreen.storyboard */; };
		8459220A1F96F74F002E10A5 /* main.m in Sources */ = {isa = PBXBuildFile; fileRef = 845922091F96F74F002E10A5 /* main.m */; };
		845922111F96F768002E10A5 /* art.scnassets in Resources */ = {isa = PBXBuildFile; fileRef = 845922101F96F768002E10A5 /* art.scnassets */; };
		8459222B1F96F814002E10A5 /* MASCompositeConstraint.m in Sources */ = {isa = PBXBuildFile; fileRef = 845922151F96F814002E10A5 /* MASCompositeConstraint.m */; };
		8459222C1F96F814002E10A5 /* MASConstraint.m in Sources */ = {isa = PBXBuildFile; fileRef = 845922181F96F814002E10A5 /* MASConstraint.m */; };
		8459222D1F96F814002E10A5 /* MASConstraintMaker.m in Sources */ = {isa = PBXBuildFile; fileRef = 8459221A1F96F814002E10A5 /* MASConstraintMaker.m */; };
		8459222E1F96F814002E10A5 /* MASLayoutConstraint.m in Sources */ = {isa = PBXBuildFile; fileRef = 8459221C1F96F814002E10A5 /* MASLayoutConstraint.m */; };
		8459222F1F96F814002E10A5 /* MASViewAttribute.m in Sources */ = {isa = PBXBuildFile; fileRef = 845922201F96F814002E10A5 /* MASViewAttribute.m */; };
		845922301F96F814002E10A5 /* MASViewConstraint.m in Sources */ = {isa = PBXBuildFile; fileRef = 845922221F96F814002E10A5 /* MASViewConstraint.m */; };
		845922311F96F814002E10A5 /* NSArray+MASAdditions.m in Sources */ = {isa = PBXBuildFile; fileRef = 845922241F96F814002E10A5 /* NSArray+MASAdditions.m */; };
		845922321F96F814002E10A5 /* NSLayoutConstraint+MASDebugAdditions.m in Sources */ = {isa = PBXBuildFile; fileRef = 845922271F96F814002E10A5 /* NSLayoutConstraint+MASDebugAdditions.m */; };
		845922331F96F814002E10A5 /* View+MASAdditions.m in Sources */ = {isa = PBXBuildFile; fileRef = 845922291F96F814002E10A5 /* View+MASAdditions.m */; };
		845922371F96F938002E10A5 /* ARSCNViewController.m in Sources */ = {isa = PBXBuildFile; fileRef = 845922361F96F938002E10A5 /* ARSCNViewController.m */; };
		845FB4DF1F9882A200ECD1D9 /* FMARSCNViewController.m in Sources */ = {isa = PBXBuildFile; fileRef = 845FB4DE1F9882A200ECD1D9 /* FMARSCNViewController.m */; };
		845FB4E21F9886A700ECD1D9 /* FMARSCNViewCotrol.m in Sources */ = {isa = PBXBuildFile; fileRef = 845FB4E11F9886A700ECD1D9 /* FMARSCNViewCotrol.m */; };
/* End PBXBuildFile section */

/* Begin PBXFileReference section */
		845921F71F96F74F002E10A5 /* ARKitDemo-OC.app */ = {isa = PBXFileReference; explicitFileType = wrapper.application; includeInIndex = 0; path = "ARKitDemo-OC.app"; sourceTree = BUILT_PRODUCTS_DIR; };
		845921FA1F96F74F002E10A5 /* AppDelegate.h */ = {isa = PBXFileReference; lastKnownFileType = sourcecode.c.h; path = AppDelegate.h; sourceTree = "<group>"; };
		845921FB1F96F74F002E10A5 /* AppDelegate.m */ = {isa = PBXFileReference; lastKnownFileType = sourcecode.c.objc; path = AppDelegate.m; sourceTree = "<group>"; };
		845921FD1F96F74F002E10A5 /* ViewController.h */ = {isa = PBXFileReference; lastKnownFileType = sourcecode.c.h; path = ViewController.h; sourceTree = "<group>"; };
		845921FE1F96F74F002E10A5 /* ViewController.m */ = {isa = PBXFileReference; lastKnownFileType = sourcecode.c.objc; path = ViewController.m; sourceTree = "<group>"; };
		845922011F96F74F002E10A5 /* Base */ = {isa = PBXFileReference; lastKnownFileType = file.storyboard; name = Base; path = Base.lproj/Main.storyboard; sourceTree = "<group>"; };
		845922031F96F74F002E10A5 /* Assets.xcassets */ = {isa = PBXFileReference; lastKnownFileType = folder.assetcatalog; path = Assets.xcassets; sourceTree = "<group>"; };
		845922061F96F74F002E10A5 /* Base */ = {isa = PBXFileReference; lastKnownFileType = file.storyboard; name = Base; path = Base.lproj/LaunchScreen.storyboard; sourceTree = "<group>"; };
		845922081F96F74F002E10A5 /* Info.plist */ = {isa = PBXFileReference; lastKnownFileType = text.plist.xml; path = Info.plist; sourceTree = "<group>"; };
		845922091F96F74F002E10A5 /* main.m */ = {isa = PBXFileReference; lastKnownFileType = sourcecode.c.objc; path = main.m; sourceTree = "<group>"; };
		845922101F96F768002E10A5 /* art.scnassets */ = {isa = PBXFileReference; lastKnownFileType = wrapper.scnassets; path = art.scnassets; sourceTree = "<group>"; };
		845922141F96F814002E10A5 /* MASCompositeConstraint.h */ = {isa = PBXFileReference; fileEncoding = 4; lastKnownFileType = sourcecode.c.h; path = MASCompositeConstraint.h; sourceTree = "<group>"; };
		845922151F96F814002E10A5 /* MASCompositeConstraint.m */ = {isa = PBXFileReference; fileEncoding = 4; lastKnownFileType = sourcecode.c.objc; path = MASCompositeConstraint.m; sourceTree = "<group>"; };
		845922161F96F814002E10A5 /* MASConstraint+Private.h */ = {isa = PBXFileReference; fileEncoding = 4; lastKnownFileType = sourcecode.c.h; path = "MASConstraint+Private.h"; sourceTree = "<group>"; };
		845922171F96F814002E10A5 /* MASConstraint.h */ = {isa = PBXFileReference; fileEncoding = 4; lastKnownFileType = sourcecode.c.h; path = MASConstraint.h; sourceTree = "<group>"; };
		845922181F96F814002E10A5 /* MASConstraint.m */ = {isa = PBXFileReference; fileEncoding = 4; lastKnownFileType = sourcecode.c.objc; path = MASConstraint.m; sourceTree = "<group>"; };
		845922191F96F814002E10A5 /* MASConstraintMaker.h */ = {isa = PBXFileReference; fileEncoding = 4; lastKnownFileType = sourcecode.c.h; path = MASConstraintMaker.h; sourceTree = "<group>"; };
		8459221A1F96F814002E10A5 /* MASConstraintMaker.m */ = {isa = PBXFileReference; fileEncoding = 4; lastKnownFileType = sourcecode.c.objc; path = MASConstraintMaker.m; sourceTree = "<group>"; };
		8459221B1F96F814002E10A5 /* MASLayoutConstraint.h */ = {isa = PBXFileReference; fileEncoding = 4; lastKnownFileType = sourcecode.c.h; path = MASLayoutConstraint.h; sourceTree = "<group>"; };
		8459221C1F96F814002E10A5 /* MASLayoutConstraint.m */ = {isa = PBXFileReference; fileEncoding = 4; lastKnownFileType = sourcecode.c.objc; path = MASLayoutConstraint.m; sourceTree = "<group>"; };
		8459221D1F96F814002E10A5 /* Masonry.h */ = {isa = PBXFileReference; fileEncoding = 4; lastKnownFileType = sourcecode.c.h; path = Masonry.h; sourceTree = "<group>"; };
		8459221E1F96F814002E10A5 /* MASUtilities.h */ = {isa = PBXFileReference; fileEncoding = 4; lastKnownFileType = sourcecode.c.h; path = MASUtilities.h; sourceTree = "<group>"; };
		8459221F1F96F814002E10A5 /* MASViewAttribute.h */ = {isa = PBXFileReference; fileEncoding = 4; lastKnownFileType = sourcecode.c.h; path = MASViewAttribute.h; sourceTree = "<group>"; };
		845922201F96F814002E10A5 /* MASViewAttribute.m */ = {isa = PBXFileReference; fileEncoding = 4; lastKnownFileType = sourcecode.c.objc; path = MASViewAttribute.m; sourceTree = "<group>"; };
		845922211F96F814002E10A5 /* MASViewConstraint.h */ = {isa = PBXFileReference; fileEncoding = 4; lastKnownFileType = sourcecode.c.h; path = MASViewConstraint.h; sourceTree = "<group>"; };
		845922221F96F814002E10A5 /* MASViewConstraint.m */ = {isa = PBXFileReference; fileEncoding = 4; lastKnownFileType = sourcecode.c.objc; path = MASViewConstraint.m; sourceTree = "<group>"; };
		845922231F96F814002E10A5 /* NSArray+MASAdditions.h */ = {isa = PBXFileReference; fileEncoding = 4; lastKnownFileType = sourcecode.c.h; path = "NSArray+MASAdditions.h"; sourceTree = "<group>"; };
		845922241F96F814002E10A5 /* NSArray+MASAdditions.m */ = {isa = PBXFileReference; fileEncoding = 4; lastKnownFileType = sourcecode.c.objc; path = "NSArray+MASAdditions.m"; sourceTree = "<group>"; };
		845922251F96F814002E10A5 /* NSArray+MASShorthandAdditions.h */ = {isa = PBXFileReference; fileEncoding = 4; lastKnownFileType = sourcecode.c.h; path = "NSArray+MASShorthandAdditions.h"; sourceTree = "<group>"; };
		845922261F96F814002E10A5 /* NSLayoutConstraint+MASDebugAdditions.h */ = {isa = PBXFileReference; fileEncoding = 4; lastKnownFileType = sourcecode.c.h; path = "NSLayoutConstraint+MASDebugAdditions.h"; sourceTree = "<group>"; };
		845922271F96F814002E10A5 /* NSLayoutConstraint+MASDebugAdditions.m */ = {isa = PBXFileReference; fileEncoding = 4; lastKnownFileType = sourcecode.c.objc; path = "NSLayoutConstraint+MASDebugAdditions.m"; sourceTree = "<group>"; };
		845922281F96F814002E10A5 /* View+MASAdditions.h */ = {isa = PBXFileReference; fileEncoding = 4; lastKnownFileType = sourcecode.c.h; path = "View+MASAdditions.h"; sourceTree = "<group>"; };
		845922291F96F814002E10A5 /* View+MASAdditions.m */ = {isa = PBXFileReference; fileEncoding = 4; lastKnownFileType = sourcecode.c.objc; path = "View+MASAdditions.m"; sourceTree = "<group>"; };
		8459222A1F96F814002E10A5 /* View+MASShorthandAdditions.h */ = {isa = PBXFileReference; fileEncoding = 4; lastKnownFileType = sourcecode.c.h; path = "View+MASShorthandAdditions.h"; sourceTree = "<group>"; };
		845922341F96F82D002E10A5 /* PrefixHeader.pch */ = {isa = PBXFileReference; lastKnownFileType = sourcecode.c.h; path = PrefixHeader.pch; sourceTree = "<group>"; };
		845922351F96F938002E10A5 /* ARSCNViewController.h */ = {isa = PBXFileReference; lastKnownFileType = sourcecode.c.h; path = ARSCNViewController.h; sourceTree = "<group>"; };
		845922361F96F938002E10A5 /* ARSCNViewController.m */ = {isa = PBXFileReference; lastKnownFileType = sourcecode.c.objc; path = ARSCNViewController.m; sourceTree = "<group>"; };
		845FB4DD1F9882A200ECD1D9 /* FMARSCNViewController.h */ = {isa = PBXFileReference; lastKnownFileType = sourcecode.c.h; path = FMARSCNViewController.h; sourceTree = "<group>"; };
		845FB4DE1F9882A200ECD1D9 /* FMARSCNViewController.m */ = {isa = PBXFileReference; lastKnownFileType = sourcecode.c.objc; path = FMARSCNViewController.m; sourceTree = "<group>"; };
		845FB4E01F9886A700ECD1D9 /* FMARSCNViewCotrol.h */ = {isa = PBXFileReference; lastKnownFileType = sourcecode.c.h; path = FMARSCNViewCotrol.h; sourceTree = "<group>"; };
		845FB4E11F9886A700ECD1D9 /* FMARSCNViewCotrol.m */ = {isa = PBXFileReference; lastKnownFileType = sourcecode.c.objc; path = FMARSCNViewCotrol.m; sourceTree = "<group>"; };
/* End PBXFileReference section */

/* Begin PBXFrameworksBuildPhase section */
		845921F41F96F74F002E10A5 /* Frameworks */ = {
			isa = PBXFrameworksBuildPhase;
			buildActionMask = 2147483647;
			files = (
			);
			runOnlyForDeploymentPostprocessing = 0;
		};
/* End PBXFrameworksBuildPhase section */

/* Begin PBXGroup section */
		845921EE1F96F74F002E10A5 = {
			isa = PBXGroup;
			children = (
				845922341F96F82D002E10A5 /* PrefixHeader.pch */,
				845921F91F96F74F002E10A5 /* ARKitDemo-OC */,
				845921F81F96F74F002E10A5 /* Products */,
			);
			sourceTree = "<group>";
		};
		845921F81F96F74F002E10A5 /* Products */ = {
			isa = PBXGroup;
			children = (
				845921F71F96F74F002E10A5 /* ARKitDemo-OC.app */,
			);
			name = Products;
			sourceTree = "<group>";
		};
		845921F91F96F74F002E10A5 /* ARKitDemo-OC */ = {
			isa = PBXGroup;
			children = (
				845922121F96F808002E10A5 /* Des */,
				845921FA1F96F74F002E10A5 /* AppDelegate.h */,
				845921FB1F96F74F002E10A5 /* AppDelegate.m */,
				845922101F96F768002E10A5 /* art.scnassets */,
				845921FD1F96F74F002E10A5 /* ViewController.h */,
				845921FE1F96F74F002E10A5 /* ViewController.m */,
				845922351F96F938002E10A5 /* ARSCNViewController.h */,
				845922361F96F938002E10A5 /* ARSCNViewController.m */,
				845FB4DD1F9882A200ECD1D9 /* FMARSCNViewController.h */,
				845FB4DE1F9882A200ECD1D9 /* FMARSCNViewController.m */,
				845FB4E01F9886A700ECD1D9 /* FMARSCNViewCotrol.h */,
				845FB4E11F9886A700ECD1D9 /* FMARSCNViewCotrol.m */,
				845922001F96F74F002E10A5 /* Main.storyboard */,
				845922031F96F74F002E10A5 /* Assets.xcassets */,
				845922051F96F74F002E10A5 /* LaunchScreen.storyboard */,
				845922081F96F74F002E10A5 /* Info.plist */,
				845922091F96F74F002E10A5 /* main.m */,
			);
			path = "ARKitDemo-OC";
			sourceTree = "<group>";
		};
		845922121F96F808002E10A5 /* Des */ = {
			isa = PBXGroup;
			children = (
				845922131F96F814002E10A5 /* Masonry */,
			);
			path = Des;
			sourceTree = "<group>";
		};
		845922131F96F814002E10A5 /* Masonry */ = {
			isa = PBXGroup;
			children = (
				845922141F96F814002E10A5 /* MASCompositeConstraint.h */,
				845922151F96F814002E10A5 /* MASCompositeConstraint.m */,
				845922161F96F814002E10A5 /* MASConstraint+Private.h */,
				845922171F96F814002E10A5 /* MASConstraint.h */,
				845922181F96F814002E10A5 /* MASConstraint.m */,
				845922191F96F814002E10A5 /* MASConstraintMaker.h */,
				8459221A1F96F814002E10A5 /* MASConstraintMaker.m */,
				8459221B1F96F814002E10A5 /* MASLayoutConstraint.h */,
				8459221C1F96F814002E10A5 /* MASLayoutConstraint.m */,
				8459221D1F96F814002E10A5 /* Masonry.h */,
				8459221E1F96F814002E10A5 /* MASUtilities.h */,
				8459221F1F96F814002E10A5 /* MASViewAttribute.h */,
				845922201F96F814002E10A5 /* MASViewAttribute.m */,
				845922211F96F814002E10A5 /* MASViewConstraint.h */,
				845922221F96F814002E10A5 /* MASViewConstraint.m */,
				845922231F96F814002E10A5 /* NSArray+MASAdditions.h */,
				845922241F96F814002E10A5 /* NSArray+MASAdditions.m */,
				845922251F96F814002E10A5 /* NSArray+MASShorthandAdditions.h */,
				845922261F96F814002E10A5 /* NSLayoutConstraint+MASDebugAdditions.h */,
				845922271F96F814002E10A5 /* NSLayoutConstraint+MASDebugAdditions.m */,
				845922281F96F814002E10A5 /* View+MASAdditions.h */,
				845922291F96F814002E10A5 /* View+MASAdditions.m */,
				8459222A1F96F814002E10A5 /* View+MASShorthandAdditions.h */,
			);
			path = Masonry;
			sourceTree = "<group>";
		};
/* End PBXGroup section */

/* Begin PBXNativeTarget section */
		845921F61F96F74F002E10A5 /* ARKitDemo-OC */ = {
			isa = PBXNativeTarget;
			buildConfigurationList = 8459220D1F96F74F002E10A5 /* Build configuration list for PBXNativeTarget "ARKitDemo-OC" */;
			buildPhases = (
				845921F31F96F74F002E10A5 /* Sources */,
				845921F41F96F74F002E10A5 /* Frameworks */,
				845921F51F96F74F002E10A5 /* Resources */,
			);
			buildRules = (
			);
			dependencies = (
			);
			name = "ARKitDemo-OC";
			productName = "ARKitDemo-OC";
			productReference = 845921F71F96F74F002E10A5 /* ARKitDemo-OC.app */;
			productType = "com.apple.product-type.application";
		};
/* End PBXNativeTarget section */

/* Begin PBXProject section */
		845921EF1F96F74F002E10A5 /* Project object */ = {
			isa = PBXProject;
			attributes = {
				LastUpgradeCheck = 0900;
				ORGANIZATIONNAME = wangjiuyin;
				TargetAttributes = {
					845921F61F96F74F002E10A5 = {
						CreatedOnToolsVersion = 9.0;
						ProvisioningStyle = Automatic;
					};
				};
			};
			buildConfigurationList = 845921F21F96F74F002E10A5 /* Build configuration list for PBXProject "ARKitDemo-OC" */;
			compatibilityVersion = "Xcode 8.0";
			developmentRegion = en;
			hasScannedForEncodings = 0;
			knownRegions = (
				en,
				Base,
			);
			mainGroup = 845921EE1F96F74F002E10A5;
			productRefGroup = 845921F81F96F74F002E10A5 /* Products */;
			projectDirPath = "";
			projectRoot = "";
			targets = (
				845921F61F96F74F002E10A5 /* ARKitDemo-OC */,
			);
		};
/* End PBXProject section */

/* Begin PBXResourcesBuildPhase section */
		845921F51F96F74F002E10A5 /* Resources */ = {
			isa = PBXResourcesBuildPhase;
			buildActionMask = 2147483647;
			files = (
				845922071F96F74F002E10A5 /* LaunchScreen.storyboard in Resources */,
				845922111F96F768002E10A5 /* art.scnassets in Resources */,
				845922041F96F74F002E10A5 /* Assets.xcassets in Resources */,
				845922021F96F74F002E10A5 /* Main.storyboard in Resources */,
			);
			runOnlyForDeploymentPostprocessing = 0;
		};
/* End PBXResourcesBuildPhase section */

/* Begin PBXSourcesBuildPhase section */
		845921F31F96F74F002E10A5 /* Sources */ = {
			isa = PBXSourcesBuildPhase;
			buildActionMask = 2147483647;
			files = (
				845922321F96F814002E10A5 /* NSLayoutConstraint+MASDebugAdditions.m in Sources */,
				845922371F96F938002E10A5 /* ARSCNViewController.m in Sources */,
				845922301F96F814002E10A5 /* MASViewConstraint.m in Sources */,
				8459222B1F96F814002E10A5 /* MASCompositeConstraint.m in Sources */,
				845922311F96F814002E10A5 /* NSArray+MASAdditions.m in Sources */,
				845921FF1F96F74F002E10A5 /* ViewController.m in Sources */,
				8459220A1F96F74F002E10A5 /* main.m in Sources */,
				845FB4E21F9886A700ECD1D9 /* FMARSCNViewCotrol.m in Sources */,
				845FB4DF1F9882A200ECD1D9 /* FMARSCNViewController.m in Sources */,
				8459222E1F96F814002E10A5 /* MASLayoutConstraint.m in Sources */,
				845921FC1F96F74F002E10A5 /* AppDelegate.m in Sources */,
				845922331F96F814002E10A5 /* View+MASAdditions.m in Sources */,
				8459222F1F96F814002E10A5 /* MASViewAttribute.m in Sources */,
				8459222C1F96F814002E10A5 /* MASConstraint.m in Sources */,
				8459222D1F96F814002E10A5 /* MASConstraintMaker.m in Sources */,
			);
			runOnlyForDeploymentPostprocessing = 0;
		};
/* End PBXSourcesBuildPhase section */

/* Begin PBXVariantGroup section */
		845922001F96F74F002E10A5 /* Main.storyboard */ = {
			isa = PBXVariantGroup;
			children = (
				845922011F96F74F002E10A5 /* Base */,
			);
			name = Main.storyboard;
			sourceTree = "<group>";
		};
		845922051F96F74F002E10A5 /* LaunchScreen.storyboard */ = {
			isa = PBXVariantGroup;
			children = (
				845922061F96F74F002E10A5 /* Base */,
			);
			name = LaunchScreen.storyboard;
			sourceTree = "<group>";
		};
/* End PBXVariantGroup section */

/* Begin XCBuildConfiguration section */
		8459220B1F96F74F002E10A5 /* Debug */ = {
			isa = XCBuildConfiguration;
			buildSettings = {
				ALWAYS_SEARCH_USER_PATHS = NO;
				CLANG_ANALYZER_NONNULL = YES;
				CLANG_ANALYZER_NUMBER_OBJECT_CONVERSION = YES_AGGRESSIVE;
				CLANG_CXX_LANGUAGE_STANDARD = "gnu++14";
				CLANG_CXX_LIBRARY = "libc++";
				CLANG_ENABLE_MODULES = YES;
				CLANG_ENABLE_OBJC_ARC = YES;
				CLANG_WARN_BLOCK_CAPTURE_AUTORELEASING = YES;
				CLANG_WARN_BOOL_CONVERSION = YES;
				CLANG_WARN_COMMA = YES;
				CLANG_WARN_CONSTANT_CONVERSION = YES;
				CLANG_WARN_DIRECT_OBJC_ISA_USAGE = YES_ERROR;
				CLANG_WARN_DOCUMENTATION_COMMENTS = YES;
				CLANG_WARN_EMPTY_BODY = YES;
				CLANG_WARN_ENUM_CONVERSION = YES;
				CLANG_WARN_INFINITE_RECURSION = YES;
				CLANG_WARN_INT_CONVERSION = YES;
				CLANG_WARN_NON_LITERAL_NULL_CONVERSION = YES;
				CLANG_WARN_OBJC_LITERAL_CONVERSION = YES;
				CLANG_WARN_OBJC_ROOT_CLASS = YES_ERROR;
				CLANG_WARN_RANGE_LOOP_ANALYSIS = YES;
				CLANG_WARN_STRICT_PROTOTYPES = YES;
				CLANG_WARN_SUSPICIOUS_MOVE = YES;
				CLANG_WARN_UNGUARDED_AVAILABILITY = YES_AGGRESSIVE;
				CLANG_WARN_UNREACHABLE_CODE = YES;
				CLANG_WARN__DUPLICATE_METHOD_MATCH = YES;
				CODE_SIGN_IDENTITY = "iPhone Developer";
				COPY_PHASE_STRIP = NO;
				DEBUG_INFORMATION_FORMAT = dwarf;
				ENABLE_STRICT_OBJC_MSGSEND = YES;
				ENABLE_TESTABILITY = YES;
				GCC_C_LANGUAGE_STANDARD = gnu11;
				GCC_DYNAMIC_NO_PIC = NO;
				GCC_NO_COMMON_BLOCKS = YES;
				GCC_OPTIMIZATION_LEVEL = 0;
				GCC_PREPROCESSOR_DEFINITIONS = (
					"DEBUG=1",
					"$(inherited)",
				);
				GCC_WARN_64_TO_32_BIT_CONVERSION = YES;
				GCC_WARN_ABOUT_RETURN_TYPE = YES_ERROR;
				GCC_WARN_UNDECLARED_SELECTOR = YES;
				GCC_WARN_UNINITIALIZED_AUTOS = YES_AGGRESSIVE;
				GCC_WARN_UNUSED_FUNCTION = YES;
				GCC_WARN_UNUSED_VARIABLE = YES;
				IPHONEOS_DEPLOYMENT_TARGET = 11.0;
				MTL_ENABLE_DEBUG_INFO = YES;
				ONLY_ACTIVE_ARCH = YES;
				SDKROOT = iphoneos;
			};
			name = Debug;
		};
		8459220C1F96F74F002E10A5 /* Release */ = {
			isa = XCBuildConfiguration;
			buildSettings = {
				ALWAYS_SEARCH_USER_PATHS = NO;
				CLANG_ANALYZER_NONNULL = YES;
				CLANG_ANALYZER_NUMBER_OBJECT_CONVERSION = YES_AGGRESSIVE;
				CLANG_CXX_LANGUAGE_STANDARD = "gnu++14";
				CLANG_CXX_LIBRARY = "libc++";
				CLANG_ENABLE_MODULES = YES;
				CLANG_ENABLE_OBJC_ARC = YES;
				CLANG_WARN_BLOCK_CAPTURE_AUTORELEASING = YES;
				CLANG_WARN_BOOL_CONVERSION = YES;
				CLANG_WARN_COMMA = YES;
				CLANG_WARN_CONSTANT_CONVERSION = YES;
				CLANG_WARN_DIRECT_OBJC_ISA_USAGE = YES_ERROR;
				CLANG_WARN_DOCUMENTATION_COMMENTS = YES;
				CLANG_WARN_EMPTY_BODY = YES;
				CLANG_WARN_ENUM_CONVERSION = YES;
				CLANG_WARN_INFINITE_RECURSION = YES;
				CLANG_WARN_INT_CONVERSION = YES;
				CLANG_WARN_NON_LITERAL_NULL_CONVERSION = YES;
				CLANG_WARN_OBJC_LITERAL_CONVERSION = YES;
				CLANG_WARN_OBJC_ROOT_CLASS = YES_ERROR;
				CLANG_WARN_RANGE_LOOP_ANALYSIS = YES;
				CLANG_WARN_STRICT_PROTOTYPES = YES;
				CLANG_WARN_SUSPICIOUS_MOVE = YES;
				CLANG_WARN_UNGUARDED_AVAILABILITY = YES_AGGRESSIVE;
				CLANG_WARN_UNREACHABLE_CODE = YES;
				CLANG_WARN__DUPLICATE_METHOD_MATCH = YES;
				CODE_SIGN_IDENTITY = "iPhone Developer";
				COPY_PHASE_STRIP = NO;
				DEBUG_INFORMATION_FORMAT = "dwarf-with-dsym";
				ENABLE_NS_ASSERTIONS = NO;
				ENABLE_STRICT_OBJC_MSGSEND = YES;
				GCC_C_LANGUAGE_STANDARD = gnu11;
				GCC_NO_COMMON_BLOCKS = YES;
				GCC_WARN_64_TO_32_BIT_CONVERSION = YES;
				GCC_WARN_ABOUT_RETURN_TYPE = YES_ERROR;
				GCC_WARN_UNDECLARED_SELECTOR = YES;
				GCC_WARN_UNINITIALIZED_AUTOS = YES_AGGRESSIVE;
				GCC_WARN_UNUSED_FUNCTION = YES;
				GCC_WARN_UNUSED_VARIABLE = YES;
				IPHONEOS_DEPLOYMENT_TARGET = 11.0;
				MTL_ENABLE_DEBUG_INFO = NO;
				SDKROOT = iphoneos;
				VALIDATE_PRODUCT = YES;
			};
			name = Release;
		};
		8459220E1F96F74F002E10A5 /* Debug */ = {
			isa = XCBuildConfiguration;
			buildSettings = {
				ASSETCATALOG_COMPILER_APPICON_NAME = AppIcon;
				CODE_SIGN_STYLE = Automatic;
				DEVELOPMENT_TEAM = 538CZ4N2AQ;
				GCC_PREFIX_HEADER = PrefixHeader.pch;
				INFOPLIST_FILE = "ARKitDemo-OC/Info.plist";
				LD_RUNPATH_SEARCH_PATHS = "$(inherited) @executable_path/Frameworks";
				PRODUCT_BUNDLE_IDENTIFIER = "com.jiemian.ARKitDemo-OC";
				PRODUCT_NAME = "$(TARGET_NAME)";
				TARGETED_DEVICE_FAMILY = "1,2";
			};
			name = Debug;
		};
		8459220F1F96F74F002E10A5 /* Release */ = {
			isa = XCBuildConfiguration;
			buildSettings = {
				ASSETCATALOG_COMPILER_APPICON_NAME = AppIcon;
				CODE_SIGN_STYLE = Automatic;
				DEVELOPMENT_TEAM = 538CZ4N2AQ;
				GCC_PREFIX_HEADER = PrefixHeader.pch;
				INFOPLIST_FILE = "ARKitDemo-OC/Info.plist";
				LD_RUNPATH_SEARCH_PATHS = "$(inherited) @executable_path/Frameworks";
				PRODUCT_BUNDLE_IDENTIFIER = "com.jiemian.ARKitDemo-OC";
				PRODUCT_NAME = "$(TARGET_NAME)";
				TARGETED_DEVICE_FAMILY = "1,2";
			};
			name = Release;
		};
/* End XCBuildConfiguration section */

/* Begin XCConfigurationList section */
		845921F21F96F74F002E10A5 /* Build configuration list for PBXProject "ARKitDemo-OC" */ = {
			isa = XCConfigurationList;
			buildConfigurations = (
				8459220B1F96F74F002E10A5 /* Debug */,
				8459220C1F96F74F002E10A5 /* Release */,
			);
			defaultConfigurationIsVisible = 0;
			defaultConfigurationName = Release;
		};
		8459220D1F96F74F002E10A5 /* Build configuration list for PBXNativeTarget "ARKitDemo-OC" */ = {
			isa = XCConfigurationList;
			buildConfigurations = (
				8459220E1F96F74F002E10A5 /* Debug */,
				8459220F1F96F74F002E10A5 /* Release */,
			);
			defaultConfigurationIsVisible = 0;
			defaultConfigurationName = Release;
		};
/* End XCConfigurationList section */
	};
	rootObject = 845921EF1F96F74F002E10A5 /* Project object */;
}
